
Microsoft Visual Studio Solution File, Format Version 12.00
# Visual Studio Version 16
VisualStudioVersion = 16.0.31624.102
MinimumVisualStudioVersion = 10.0.40219.1
Project("{FAE04EC0-301F-11D3-BF4B-00C04F79EFBC}") = "TestApp", "TestApp\TestApp.csproj", "{A413DE5F-866C-40C1-8678-F47C7B6D9187}"
EndProject
Global
	GlobalSection(SolutionConfigurationPlatforms) = preSolution
		Debug|Any CPU = Debug|Any CPU
		Release|Any CPU = Release|Any CPU
	EndGlobalSection
	GlobalSection(ProjectConfigurationPlatforms) = postSolution
		{A413DE5F-866C-40C1-8678-F47C7B6D9187}.Debug|Any CPU.ActiveCfg = Debug|Any CPU
		{A413DE5F-866C-40C1-8678-F47C7B6D9187}.Debug|Any CPU.Build.0 = Debug|Any CPU
		{A413DE5F-866C-40C1-8678-F47C7B6D9187}.Release|Any CPU.ActiveCfg = Release|Any CPU
		{A413DE5F-866C-40C1-8678-F47C7B6D9187}.Release|Any CPU.Build.0 = Release|Any CPU
	EndGlobalSection
	GlobalSection(SolutionProperties) = preSolution
		HideSolutionNode = FALSE
	EndGlobalSection
	GlobalSection(ExtensibilityGlobals) = postSolution
		SolutionGuid = {B230BDD1-2734-4CCA-AD28-0DE345807AE9}
	EndGlobalSection
EndGlobal
